
Microsoft Visual Studio Solution File, Format Version 12.00
# Visual Studio Version 17
VisualStudioVersion = 17.6.33723.286
MinimumVisualStudioVersion = 10.0.40219.1
Project("{FAE04EC0-301F-11D3-BF4B-00C04F79EFBC}") = "New Year’s Eve Party Using Asp.net Core", "New Year’s Eve Party Using Asp.net Core\New Year’s Eve Party Using Asp.net Core.csproj", "{09C3F6F6-5C59-4EC5-A416-539A31644AB0}"
EndProject
Global
	GlobalSection(SolutionConfigurationPlatforms) = preSolution
		Debug|Any CPU = Debug|Any CPU
		Release|Any CPU = Release|Any CPU
	EndGlobalSection
	GlobalSection(ProjectConfigurationPlatforms) = postSolution
		{09C3F6F6-5C59-4EC5-A416-539A31644AB0}.Debug|Any CPU.ActiveCfg = Debug|Any CPU
		{09C3F6F6-5C59-4EC5-A416-539A31644AB0}.Debug|Any CPU.Build.0 = Debug|Any CPU
		{09C3F6F6-5C59-4EC5-A416-539A31644AB0}.Release|Any CPU.ActiveCfg = Release|Any CPU
		{09C3F6F6-5C59-4EC5-A416-539A31644AB0}.Release|Any CPU.Build.0 = Release|Any CPU
	EndGlobalSection
	GlobalSection(SolutionProperties) = preSolution
		HideSolutionNode = FALSE
	EndGlobalSection
	GlobalSection(ExtensibilityGlobals) = postSolution
		SolutionGuid = {057643D7-616B-4C26-8D1F-795DF975B40B}
	EndGlobalSection
EndGlobal
